// !$*UTF8*$!
{
	archiveVersion = 1;
	classes = {
	};
	objectVersion = 46;
	objects = {

/* Begin PBXBuildFile section */
		15C651381D35286A00DA41B2 /* libPVRTexLib.dylib in Frameworks */ = {isa = PBXBuildFile; fileRef = 15C651371D35286A00DA41B2 /* libPVRTexLib.dylib */; };
		15C6513B1D352B3600DA41B2 /* libPVRTexLib.dylib in CopyFiles */ = {isa = PBXBuildFile; fileRef = 15C651371D35286A00DA41B2 /* libPVRTexLib.dylib */; settings = {ATTRIBUTES = (CodeSignOnCopy, ); }; };
		15C6513F1D352B7900DA41B2 /* PVRTCLibrary.mm in Sources */ = {isa = PBXBuildFile; fileRef = 15C6513D1D352B7900DA41B2 /* PVRTCLibrary.mm */; };
/* End PBXBuildFile section */

/* Begin PBXCopyFilesBuildPhase section */
		15C6513A1D352B1B00DA41B2 /* CopyFiles */ = {
			isa = PBXCopyFilesBuildPhase;
			buildActionMask = 2147483647;
			dstPath = "";
			dstSubfolderSpec = 6;
			files = (
				15C6513B1D352B3600DA41B2 /* libPVRTexLib.dylib in CopyFiles */,
			);
			runOnlyForDeploymentPostprocessing = 0;
		};
/* End PBXCopyFilesBuildPhase section */

/* Begin PBXFileReference section */
		15C6512E1D35282100DA41B2 /* PVRTCLibrary.bundle */ = {isa = PBXFileReference; explicitFileType = wrapper.cfbundle; includeInIndex = 0; path = PVRTCLibrary.bundle; sourceTree = BUILT_PRODUCTS_DIR; };
		15C651311D35282100DA41B2 /* Info.plist */ = {isa = PBXFileReference; lastKnownFileType = text.plist.xml; path = Info.plist; sourceTree = "<group>"; };
		15C651371D35286A00DA41B2 /* libPVRTexLib.dylib */ = {isa = PBXFileReference; lastKnownFileType = "compiled.mach-o.dylib"; path = libPVRTexLib.dylib; sourceTree = "<group>"; };
		15C6513D1D352B7900DA41B2 /* PVRTCLibrary.mm */ = {isa = PBXFileReference; fileEncoding = 4; lastKnownFileType = sourcecode.cpp.objcpp; path = PVRTCLibrary.mm; sourceTree = "<group>"; };
		15C6513E1D352B7900DA41B2 /* PVRTCLibrary.h */ = {isa = PBXFileReference; fileEncoding = 4; lastKnownFileType = sourcecode.c.h; path = PVRTCLibrary.h; sourceTree = "<group>"; };
		15C651401D352D5900DA41B2 /* PVRTArray.h */ = {isa = PBXFileReference; lastKnownFileType = sourcecode.c.h; path = PVRTArray.h; sourceTree = SOURCE_ROOT; };
		15C651411D352D5900DA41B2 /* PVRTDecompress.h */ = {isa = PBXFileReference; lastKnownFileType = sourcecode.c.h; path = PVRTDecompress.h; sourceTree = SOURCE_ROOT; };
		15C651421D352D5900DA41B2 /* PVRTError.h */ = {isa = PBXFileReference; lastKnownFileType = sourcecode.c.h; path = PVRTError.h; sourceTree = SOURCE_ROOT; };
		15C651431D352D5900DA41B2 /* PVRTexture.h */ = {isa = PBXFileReference; lastKnownFileType = sourcecode.c.h; path = PVRTexture.h; sourceTree = SOURCE_ROOT; };
		15C651441D352D5900DA41B2 /* PVRTextureDefines.h */ = {isa = PBXFileReference; lastKnownFileType = sourcecode.c.h; path = PVRTextureDefines.h; sourceTree = SOURCE_ROOT; };
		15C651451D352D5900DA41B2 /* PVRTextureFormat.h */ = {isa = PBXFileReference; lastKnownFileType = sourcecode.c.h; path = PVRTextureFormat.h; sourceTree = SOURCE_ROOT; };
		15C651461D352D5900DA41B2 /* PVRTextureHeader.h */ = {isa = PBXFileReference; lastKnownFileType = sourcecode.c.h; path = PVRTextureHeader.h; sourceTree = SOURCE_ROOT; };
		15C651471D352D5900DA41B2 /* PVRTextureUtilities.h */ = {isa = PBXFileReference; lastKnownFileType = sourcecode.c.h; path = PVRTextureUtilities.h; sourceTree = SOURCE_ROOT; };
		15C651481D352D5900DA41B2 /* PVRTextureVersion.h */ = {isa = PBXFileReference; lastKnownFileType = sourcecode.c.h; path = PVRTextureVersion.h; sourceTree = SOURCE_ROOT; };
		15C651491D352D5900DA41B2 /* PVRTGlobal.h */ = {isa = PBXFileReference; lastKnownFileType = sourcecode.c.h; path = PVRTGlobal.h; sourceTree = SOURCE_ROOT; };
		15C6514A1D352D5900DA41B2 /* PVRTMap.h */ = {isa = PBXFileReference; lastKnownFileType = sourcecode.c.h; path = PVRTMap.h; sourceTree = SOURCE_ROOT; };
		15C6514B1D352D5900DA41B2 /* PVRTString.h */ = {isa = PBXFileReference; lastKnownFileType = sourcecode.c.h; path = PVRTString.h; sourceTree = SOURCE_ROOT; };
		15C6514C1D352D5900DA41B2 /* PVRTTexture.h */ = {isa = PBXFileReference; lastKnownFileType = sourcecode.c.h; path = PVRTTexture.h; sourceTree = SOURCE_ROOT; };
/* End PBXFileReference section */

/* Begin PBXFrameworksBuildPhase section */
		15C6512B1D35282100DA41B2 /* Frameworks */ = {
			isa = PBXFrameworksBuildPhase;
			buildActionMask = 2147483647;
			files = (
				15C651381D35286A00DA41B2 /* libPVRTexLib.dylib in Frameworks */,
			);
			runOnlyForDeploymentPostprocessing = 0;
		};
/* End PBXFrameworksBuildPhase section */

/* Begin PBXGroup section */
		15C651251D35282100DA41B2 = {
			isa = PBXGroup;
			children = (
				15C651371D35286A00DA41B2 /* libPVRTexLib.dylib */,
				15C651301D35282100DA41B2 /* PVRTCLibrary */,
				15C6512F1D35282100DA41B2 /* Products */,
			);
			sourceTree = "<group>";
		};
		15C6512F1D35282100DA41B2 /* Products */ = {
			isa = PBXGroup;
			children = (
				15C6512E1D35282100DA41B2 /* PVRTCLibrary.bundle */,
			);
			name = Products;
			sourceTree = "<group>";
		};
		15C651301D35282100DA41B2 /* PVRTCLibrary */ = {
			isa = PBXGroup;
			children = (
				15C651401D352D5900DA41B2 /* PVRTArray.h */,
				15C651411D352D5900DA41B2 /* PVRTDecompress.h */,
				15C651421D352D5900DA41B2 /* PVRTError.h */,
				15C651431D352D5900DA41B2 /* PVRTexture.h */,
				15C651441D352D5900DA41B2 /* PVRTextureDefines.h */,
				15C651451D352D5900DA41B2 /* PVRTextureFormat.h */,
				15C651461D352D5900DA41B2 /* PVRTextureHeader.h */,
				15C651471D352D5900DA41B2 /* PVRTextureUtilities.h */,
				15C651481D352D5900DA41B2 /* PVRTextureVersion.h */,
				15C651491D352D5900DA41B2 /* PVRTGlobal.h */,
				15C6514A1D352D5900DA41B2 /* PVRTMap.h */,
				15C6514B1D352D5900DA41B2 /* PVRTString.h */,
				15C6514C1D352D5900DA41B2 /* PVRTTexture.h */,
				15C651311D35282100DA41B2 /* Info.plist */,
				15C6513E1D352B7900DA41B2 /* PVRTCLibrary.h */,
				15C6513D1D352B7900DA41B2 /* PVRTCLibrary.mm */,
			);
			path = PVRTCLibrary;
			sourceTree = "<group>";
		};
/* End PBXGroup section */

/* Begin PBXNativeTarget section */
		15C6512D1D35282100DA41B2 /* PVRTCLibrary */ = {
			isa = PBXNativeTarget;
			buildConfigurationList = 15C651341D35282100DA41B2 /* Build configuration list for PBXNativeTarget "PVRTCLibrary" */;
			buildPhases = (
				15C651391D35290A00DA41B2 /* ShellScript */,
				15C6512A1D35282100DA41B2 /* Sources */,
				15C6512B1D35282100DA41B2 /* Frameworks */,
				15C6512C1D35282100DA41B2 /* Resources */,
				15C6513A1D352B1B00DA41B2 /* CopyFiles */,
			);
			buildRules = (
			);
			dependencies = (
			);
			name = PVRTCLibrary;
			productName = PVRTCLibrary;
			productReference = 15C6512E1D35282100DA41B2 /* PVRTCLibrary.bundle */;
			productType = "com.apple.product-type.bundle";
		};
/* End PBXNativeTarget section */

/* Begin PBXProject section */
		15C651261D35282100DA41B2 /* Project object */ = {
			isa = PBXProject;
			attributes = {
				LastUpgradeCheck = 0730;
				ORGANIZATIONNAME = Plotagon;
				TargetAttributes = {
					15C6512D1D35282100DA41B2 = {
						CreatedOnToolsVersion = 7.3.1;
					};
				};
			};
			buildConfigurationList = 15C651291D35282100DA41B2 /* Build configuration list for PBXProject "PVRTCLibrary" */;
			compatibilityVersion = "Xcode 3.2";
			developmentRegion = English;
			hasScannedForEncodings = 0;
			knownRegions = (
				en,
			);
			mainGroup = 15C651251D35282100DA41B2;
			productRefGroup = 15C6512F1D35282100DA41B2 /* Products */;
			projectDirPath = "";
			projectRoot = "";
			targets = (
				15C6512D1D35282100DA41B2 /* PVRTCLibrary */,
			);
		};
/* End PBXProject section */

/* Begin PBXResourcesBuildPhase section */
		15C6512C1D35282100DA41B2 /* Resources */ = {
			isa = PBXResourcesBuildPhase;
			buildActionMask = 2147483647;
			files = (
			);
			runOnlyForDeploymentPostprocessing = 0;
		};
/* End PBXResourcesBuildPhase section */

/* Begin PBXShellScriptBuildPhase section */
		15C651391D35290A00DA41B2 /* ShellScript */ = {
			isa = PBXShellScriptBuildPhase;
			buildActionMask = 2147483647;
			files = (
			);
			inputPaths = (
			);
			outputPaths = (
			);
			runOnlyForDeploymentPostprocessing = 0;
			shellPath = /bin/sh;
			shellScript = "install_name_tool -id @loader_path/libPVRTexLib.dylib libPVRTexLib.dylib\n\necho OTOOL BEGIN\notool -L libPVRTexLib.dylib\necho OTOOL END";
		};
/* End PBXShellScriptBuildPhase section */

/* Begin PBXSourcesBuildPhase section */
		15C6512A1D35282100DA41B2 /* Sources */ = {
			isa = PBXSourcesBuildPhase;
			buildActionMask = 2147483647;
			files = (
				15C6513F1D352B7900DA41B2 /* PVRTCLibrary.mm in Sources */,
			);
			runOnlyForDeploymentPostprocessing = 0;
		};
/* End PBXSourcesBuildPhase section */

/* Begin XCBuildConfiguration section */
		15C651321D35282100DA41B2 /* Debug */ = {
			isa = XCBuildConfiguration;
			buildSettings = {
				ALWAYS_SEARCH_USER_PATHS = NO;
				CLANG_ANALYZER_NONNULL = YES;
				CLANG_CXX_LANGUAGE_STANDARD = "gnu++0x";
				CLANG_CXX_LIBRARY = "libc++";
				CLANG_ENABLE_MODULES = YES;
				CLANG_ENABLE_OBJC_ARC = YES;
				CLANG_WARN_BOOL_CONVERSION = YES;
				CLANG_WARN_CONSTANT_CONVERSION = YES;
				CLANG_WARN_DIRECT_OBJC_ISA_USAGE = YES_ERROR;
				CLANG_WARN_EMPTY_BODY = YES;
				CLANG_WARN_ENUM_CONVERSION = YES;
				CLANG_WARN_INT_CONVERSION = YES;
				CLANG_WARN_OBJC_ROOT_CLASS = YES_ERROR;
				CLANG_WARN_UNREACHABLE_CODE = YES;
				CLANG_WARN__DUPLICATE_METHOD_MATCH = YES;
				CODE_SIGN_IDENTITY = "-";
				COPY_PHASE_STRIP = NO;
				DEBUG_INFORMATION_FORMAT = dwarf;
				ENABLE_STRICT_OBJC_MSGSEND = YES;
				ENABLE_TESTABILITY = YES;
				GCC_C_LANGUAGE_STANDARD = gnu99;
				GCC_DYNAMIC_NO_PIC = NO;
				GCC_NO_COMMON_BLOCKS = YES;
				GCC_OPTIMIZATION_LEVEL = 0;
				GCC_PREPROCESSOR_DEFINITIONS = (
					"DEBUG=1",
					"$(inherited)",
				);
				GCC_WARN_64_TO_32_BIT_CONVERSION = YES;
				GCC_WARN_ABOUT_RETURN_TYPE = YES_ERROR;
				GCC_WARN_UNDECLARED_SELECTOR = YES;
				GCC_WARN_UNINITIALIZED_AUTOS = YES_AGGRESSIVE;
				GCC_WARN_UNUSED_FUNCTION = YES;
				GCC_WARN_UNUSED_VARIABLE = YES;
				MACOSX_DEPLOYMENT_TARGET = 10.11;
				MTL_ENABLE_DEBUG_INFO = YES;
				ONLY_ACTIVE_ARCH = YES;
				SDKROOT = macosx;
			};
			name = Debug;
		};
		15C651331D35282100DA41B2 /* Release */ = {
			isa = XCBuildConfiguration;
			buildSettings = {
				ALWAYS_SEARCH_USER_PATHS = NO;
				CLANG_ANALYZER_NONNULL = YES;
				CLANG_CXX_LANGUAGE_STANDARD = "gnu++0x";
				CLANG_CXX_LIBRARY = "libc++";
				CLANG_ENABLE_MODULES = YES;
				CLANG_ENABLE_OBJC_ARC = YES;
				CLANG_WARN_BOOL_CONVERSION = YES;
				CLANG_WARN_CONSTANT_CONVERSION = YES;
				CLANG_WARN_DIRECT_OBJC_ISA_USAGE = YES_ERROR;
				CLANG_WARN_EMPTY_BODY = YES;
				CLANG_WARN_ENUM_CONVERSION = YES;
				CLANG_WARN_INT_CONVERSION = YES;
				CLANG_WARN_OBJC_ROOT_CLASS = YES_ERROR;
				CLANG_WARN_UNREACHABLE_CODE = YES;
				CLANG_WARN__DUPLICATE_METHOD_MATCH = YES;
				CODE_SIGN_IDENTITY = "-";
				COPY_PHASE_STRIP = NO;
				DEBUG_INFORMATION_FORMAT = "dwarf-with-dsym";
				ENABLE_NS_ASSERTIONS = NO;
				ENABLE_STRICT_OBJC_MSGSEND = YES;
				GCC_C_LANGUAGE_STANDARD = gnu99;
				GCC_NO_COMMON_BLOCKS = YES;
				GCC_WARN_64_TO_32_BIT_CONVERSION = YES;
				GCC_WARN_ABOUT_RETURN_TYPE = YES_ERROR;
				GCC_WARN_UNDECLARED_SELECTOR = YES;
				GCC_WARN_UNINITIALIZED_AUTOS = YES_AGGRESSIVE;
				GCC_WARN_UNUSED_FUNCTION = YES;
				GCC_WARN_UNUSED_VARIABLE = YES;
				MACOSX_DEPLOYMENT_TARGET = 10.11;
				MTL_ENABLE_DEBUG_INFO = NO;
				SDKROOT = macosx;
			};
			name = Release;
		};
		15C651351D35282100DA41B2 /* Debug */ = {
			isa = XCBuildConfiguration;
			buildSettings = {
				ARCHS = "$(ARCHS_STANDARD_64_BIT)";
				COMBINE_HIDPI_IMAGES = YES;
				INFOPLIST_FILE = PVRTCLibrary/Info.plist;
				INSTALL_PATH = "$(LOCAL_LIBRARY_DIR)/Bundles";
				LIBRARY_SEARCH_PATHS = (
					"$(inherited)",
					"$(PROJECT_DIR)",
				);
				PRODUCT_BUNDLE_IDENTIFIER = com.plotagon.plotagon.PVRTCLibrary;
				PRODUCT_NAME = "$(TARGET_NAME)";
				SKIP_INSTALL = YES;
				WRAPPER_EXTENSION = bundle;
			};
			name = Debug;
		};
		15C651361D35282100DA41B2 /* Release */ = {
			isa = XCBuildConfiguration;
			buildSettings = {
				ARCHS = "$(ARCHS_STANDARD_64_BIT)";
				COMBINE_HIDPI_IMAGES = YES;
				INFOPLIST_FILE = PVRTCLibrary/Info.plist;
				INSTALL_PATH = "$(LOCAL_LIBRARY_DIR)/Bundles";
				LIBRARY_SEARCH_PATHS = (
					"$(inherited)",
					"$(PROJECT_DIR)",
				);
				PRODUCT_BUNDLE_IDENTIFIER = com.plotagon.plotagon.PVRTCLibrary;
				PRODUCT_NAME = "$(TARGET_NAME)";
				SKIP_INSTALL = YES;
				WRAPPER_EXTENSION = bundle;
			};
			name = Release;
		};
/* End XCBuildConfiguration section */

/* Begin XCConfigurationList section */
		15C651291D35282100DA41B2 /* Build configuration list for PBXProject "PVRTCLibrary" */ = {
			isa = XCConfigurationList;
			buildConfigurations = (
				15C651321D35282100DA41B2 /* Debug */,
				15C651331D35282100DA41B2 /* Release */,
			);
			defaultConfigurationIsVisible = 0;
			defaultConfigurationName = Release;
		};
		15C651341D35282100DA41B2 /* Build configuration list for PBXNativeTarget "PVRTCLibrary" */ = {
			isa = XCConfigurationList;
			buildConfigurations = (
				15C651351D35282100DA41B2 /* Debug */,
				15C651361D35282100DA41B2 /* Release */,
			);
			defaultConfigurationIsVisible = 0;
		};
/* End XCConfigurationList section */
	};
	rootObject = 15C651261D35282100DA41B2 /* Project object */;
}
